github.com/bazelbuild/rules_go v0.57.0 h1:qBFxjy29iJg22xWlu5A3mNwrXtCHiEnHcIt91SsiFGU=
github.com/bazelbuild/rules_go v0.57.0/go.mod h1:Pn30cb4M513fe2rQ6GiJ3q8QyrRsgC7zhuDvi50Lw4Y=
github.com/bazelbuild/rules_go v0.58.2 h1:VOZCroDLXBdTAnd43VWoVQO52g37mn/xwBHkvQpGQps=
github.com/bazelbuild/rules_go v0.58.2/go.mod h1:Pn30cb4M513fe2rQ6GiJ3q8QyrRsgC7zhuDvi50Lw4Y=
github.com/bazelbuild/rules_go v0.58.3 h1:2Mdry2oCIzc+h9M2qRmK7S560vh8wOHh+al2MO+kbb8=
github.com/bazelbuild/rules_go v0.58.3/go.mod h1:Pn30cb4M513fe2rQ6GiJ3q8QyrRsgC7zhuDvi50Lw4Y=
